
Microsoft Visual Studio Solution File, Format Version 12.00
# Visual Studio Version 17
VisualStudioVersion = 17.3.32922.545
MinimumVisualStudioVersion = 10.0.40219.1
Project("{FAE04EC0-301F-11D3-BF4B-00C04F79EFBC}") = "sayi.tahmin.app", "sayi.tahmin.app\sayi.tahmin.app.csproj", "{B201B294-6979-4CA0-A0F5-91634CD45BBA}"
EndProject
Global
	GlobalSection(SolutionConfigurationPlatforms) = preSolution
		Debug|Any CPU = Debug|Any CPU
		Release|Any CPU = Release|Any CPU
	EndGlobalSection
	GlobalSection(ProjectConfigurationPlatforms) = postSolution
		{B201B294-6979-4CA0-A0F5-91634CD45BBA}.Debug|Any CPU.ActiveCfg = Debug|Any CPU
		{B201B294-6979-4CA0-A0F5-91634CD45BBA}.Debug|Any CPU.Build.0 = Debug|Any CPU
		{B201B294-6979-4CA0-A0F5-91634CD45BBA}.Release|Any CPU.ActiveCfg = Release|Any CPU
		{B201B294-6979-4CA0-A0F5-91634CD45BBA}.Release|Any CPU.Build.0 = Release|Any CPU
	EndGlobalSection
	GlobalSection(SolutionProperties) = preSolution
		HideSolutionNode = FALSE
	EndGlobalSection
	GlobalSection(ExtensibilityGlobals) = postSolution
		SolutionGuid = {94EF98A9-678E-49D1-A23D-A8875B880951}
	EndGlobalSection
EndGlobal
